
Microsoft Visual Studio Solution File, Format Version 12.00
# Visual Studio Version 17
VisualStudioVersion = 17.1.32421.90
MinimumVisualStudioVersion = 10.0.40219.1
Project("{FAE04EC0-301F-11D3-BF4B-00C04F79EFBC}") = "AddressBookADO", "AddressBookADO\AddressBookADO.csproj", "{DB681B8D-D36D-4735-B86A-F1348127279D}"
EndProject
Global
	GlobalSection(SolutionConfigurationPlatforms) = preSolution
		Debug|Any CPU = Debug|Any CPU
		Release|Any CPU = Release|Any CPU
	EndGlobalSection
	GlobalSection(ProjectConfigurationPlatforms) = postSolution
		{DB681B8D-D36D-4735-B86A-F1348127279D}.Debug|Any CPU.ActiveCfg = Debug|Any CPU
		{DB681B8D-D36D-4735-B86A-F1348127279D}.Debug|Any CPU.Build.0 = Debug|Any CPU
		{DB681B8D-D36D-4735-B86A-F1348127279D}.Release|Any CPU.ActiveCfg = Release|Any CPU
		{DB681B8D-D36D-4735-B86A-F1348127279D}.Release|Any CPU.Build.0 = Release|Any CPU
	EndGlobalSection
	GlobalSection(SolutionProperties) = preSolution
		HideSolutionNode = FALSE
	EndGlobalSection
	GlobalSection(ExtensibilityGlobals) = postSolution
		SolutionGuid = {B9989BCE-CE91-4AC3-886B-61550219A9DD}
	EndGlobalSection
EndGlobal
